PackratFormat: 1.4
PackratVersion: 0.4.8.2
RVersion: 3.4.0
Repos: CRAN=https://cran.rstudio.com/

Package: BH
Source: CRAN
Version: 1.62.0-1
Hash: 14dfb3e8ffe20996118306ff4de1fab2

Package: DBI
Source: CRAN
Version: 0.5
Hash: b4baa1938fb20e76519e8aa253fe60a6

Package: R6
Source: CRAN
Version: 2.2.0
Hash: 712773a3439bd32db5c40938e1a9aac2

Package: RColorBrewer
Source: CRAN
Version: 1.1-2
Hash: c0d56cd15034f395874c870141870c25

Package: RSQLite
Source: CRAN
Version: 1.0.0
Hash: 3df52a54766f420d257debad962146c0
Requires: DBI

Package: Rcpp
Source: CRAN
Version: 0.12.10
Hash: 6cf65d0dd6a92f2d43c8d4805d33efe9

Package: Stat2Data
Source: CRAN
Version: 1.6
Hash: 612e31285034952b58f10e786bf3a6e1

Package: assertthat
Source: CRAN
Version: 0.1
Hash: 0afb92b59b02593c70ff8046700ba9d3

Package: backports
Source: CRAN
Version: 1.0.5
Hash: 8b835bdc5447f2c76fda198e17d6bda4

Package: base64enc
Source: CRAN
Version: 0.1-3
Hash: c590d29e555926af053055e23ee79efb

Package: bitops
Source: CRAN
Version: 1.0-6
Hash: 67d0775189fd0041d95abca618c5c07e

Package: brew
Source: CRAN
Version: 1.0-6
Hash: 931f9972deae0f205e1c78a51f33149b

Package: caTools
Source: CRAN
Version: 1.17.1
Hash: 97cb6f6293cd18d17df77a6383cc6763
Requires: bitops

Package: callr
Source: github
Version: 1.0.0.9000
Hash: f90310376f0565821a6310858ddaadfc
Requires: processx
GithubRepo: callr
GithubUsername: r-pkgs
GithubRef: HEAD
GithubSha1: 471d13ae1b05ff39359dbaf3b04fc123e11be0b4

Package: chron
Source: CRAN
Version: 2.3-50
Hash: 86ef5f32dd2ef3c4076e52e7c89740b3

Package: colorspace
Source: CRAN
Version: 1.2-6
Hash: 00bb12245cd975c450cc4a960884fa15

Package: commonmark
Source: CRAN
Version: 1.2
Hash: 1290583b9d16fb60322126a8698fb729

Package: crayon
Source: CRAN
Version: 1.3.2
Hash: 576a9d297a567d6a5ebd164ca5221590

Package: curl
Source: CRAN
Version: 0.9.7
Hash: 8a3eaed84ed6a9a188efdeddb231c5de

Package: debugme
Source: CRAN
Version: 1.0.2
Hash: 28d8f97402746afa3bf2ce392173c957
Requires: crayon

Package: desc
Source: CRAN
Version: 1.1.0
Hash: 346d3477f87b89692dd1379eaed1a1be
Requires: R6, assertthat, crayon, rprojroot

Package: devtools
Source: github
Version: 1.12.0.9000
Hash: 2cf2f133e3da0afc531e2dc3c3efd286
Requires: callr, digest, git2r, httr, jsonlite, memoise, pkgbuild,
    pkgload, rstudioapi, whisker, withr
GithubRepo: devtools
GithubUsername: hadley
GithubRef: master
GithubSha1: d8ab190cd05e4bd2a3688a1eab3324109060b111

Package: dichromat
Source: CRAN
Version: 2.0-0
Hash: 08eed0c80510af29bb15f840ccfe37ce

Package: digest
Source: CRAN
Version: 0.6.12
Hash: e53fb8c58673df868183697e39a6a4d6

Package: dplyr
Source: github
Version: 0.5.0.9000
Hash: 021cc70a91887679a64b157ce54b1c16
Requires: BH, DBI, R6, Rcpp, assertthat, lazyeval, magrittr, tibble
GithubRepo: dplyr
GithubUsername: hadley
GithubRef: master
GithubSha1: 6153e136fa9397e88478fa6270d9d1f02eb5153e

Package: evaluate
Source: CRAN
Version: 0.10
Hash: c3601a10c987d439e0c63ec635234a76
Requires: stringr

Package: forcats
Source: CRAN
Version: 0.1.1
Hash: 7f93e560ba45f278e1d66df743747d2a
Requires: magrittr, tibble

Package: formatR
Source: CRAN
Version: 1.4
Hash: b2a47a2b91737978cf50ba95825a9cd1

Package: ggdendro
Source: CRAN
Version: 0.1-20
Hash: 8061f8924d4f93d8606cb42433b77e62
Requires: ggplot2

Package: ggplot2
Source: github
Version: 2.1.0.9000
Hash: a222ec54f3a1ef1baeb068f3de3ef41c
Requires: digest, gtable, plyr, reshape2, scales, tibble
GithubRepo: ggplot2
GithubUsername: hadley
GithubRef: master
GithubSha1: b492d550268b041990253e63f697580f2ff58eef

Package: git2r
Source: CRAN
Version: 0.18.0
Hash: 9dfaafbcca68be29b89ef7783dc1dac0

Package: gridExtra
Source: CRAN
Version: 2.2.1
Hash: 8f54b57d4b0598ed5b27e0eafe86a670
Requires: gtable

Package: gsubfn
Source: CRAN
Version: 0.6-6
Hash: cc1999b8ee76bbf10c968ac973290421
Requires: proto

Package: gtable
Source: CRAN
Version: 0.2.0
Hash: cd78381a9d3fea966ac39bd0daaf5554

Package: highr
Source: CRAN
Version: 0.6
Hash: aa3d5b7912b5fed4b546ed5cd2a1760b

Package: htmltools
Source: CRAN
Version: 0.3.5
Hash: 3411e0671a44177109dc1a9e4a6bd2a4
Requires: Rcpp, digest

Package: httr
Source: CRAN
Version: 1.2.1
Hash: 7de1f8f760441881804af7c1ff324340
Requires: R6, curl, jsonlite, mime, openssl

Package: jsonlite
Source: CRAN
Version: 1.3
Hash: b9cc3c97b7a6cd513e9b516fe881d6c9

Package: knitr
Source: CRAN
Version: 1.15.1
Hash: eed7437e2b614c9e3923b7932b16ac97
Requires: digest, evaluate, highr, markdown, stringr, yaml

Package: labeling
Source: CRAN
Version: 0.3
Hash: ecf589b42cd284b03a4beb9665482d3e

Package: latticeExtra
Source: CRAN
Version: 0.6-28
Hash: efdf3a10a129129f7b8f4ae5a0d7ec3d
Requires: RColorBrewer

Package: lazyeval
Source: CRAN
Version: 0.2.0
Hash: 3d6e7608e65bbf5cb170dab1e3c9ed8b

Package: magrittr
Source: CRAN
Version: 1.5
Hash: bdc4d48c3135e8f3b399536ddf160df4

Package: markdown
Source: CRAN
Version: 0.8
Hash: 045d7c594d503b41f1c28946d076c8aa
Requires: mime

Package: memoise
Source: CRAN
Version: 1.0.0
Hash: 56e7087c3559eb7ba72a9afb349bf896
Requires: digest

Package: mime
Source: CRAN
Version: 0.5
Hash: 463550cf44fb6f0a2359368f42eebe62

Package: mosaic
Source: CRAN
Version: 0.14
Hash: 641ece01e47e226a0f52660852393027
Requires: dplyr, ggdendro, ggplot2, gridExtra, latticeExtra, lazyeval,
    mosaicData, readr, reshape2

Package: mosaicData
Source: CRAN
Version: 0.14.0
Hash: 5668c5439a2c80c14a681fdaa1d564a8

Package: munsell
Source: CRAN
Version: 0.4.3
Hash: f96d896947fcaf9b6d0074002e9f4f9d
Requires: colorspace

Package: openssl
Source: CRAN
Version: 0.9.4
Hash: 5ceb5d83bba44e8e5a764ac6ad32e9fb

Package: packrat
Source: github
Version: 0.4.8-2
Hash: 53507860fa914193d3b5f5a7dbe375df
GithubRepo: packrat
GithubUsername: rstudio
GithubRef: master
GithubSha1: f59b9b210a39b85826384c05c0ce2a394e8d998a

Package: pkgbuild
Source: github
Version: 0.0.0.9000
Hash: 0240738ba54f63281313d51faee40fc2
Requires: callr, desc, rprojroot, withr
GithubRepo: pkgbuild
GithubUsername: r-pkgs
GithubRef: master
GithubSha1: 8aab60b03bb09212881e3544e332d60defc52fd6

Package: pkgload
Source: github
Version: 0.0.0.9000
Hash: 2a69f6758d89d377a282dbac485764c6
Requires: bitops, pkgbuild, roxygen2, rstudioapi, withr
GithubRepo: pkgload
GithubUsername: r-pkgs
GithubRef: master
GithubSha1: 3a96cf239b75190339445f9753e4aa156cf20386

Package: plyr
Source: CRAN
Version: 1.8.4
Hash: c9ddbdcfd74ff964e3e7d0b692a8dd70
Requires: Rcpp

Package: praise
Source: CRAN
Version: 1.0.0
Hash: 77da8f1df873a4b91e5c4a68fe2fb1b6

Package: processx
Source: github
Version: 1.0.0.9000
Hash: 8c58f903e9dc8d0932588ecb682895eb
Requires: R6, assertthat, crayon, debugme
GithubRepo: processx
GithubUsername: r-pkgs
GithubRef: master
GithubSha1: 27fa6646f0cfd36933bdc31341e7014db67e65b7

Package: proto
Source: CRAN
Version: 0.3-10
Hash: 05d7ad64db29a39d1b02c4b9f1f4edb2

Package: pryr
Source: CRAN
Version: 0.1.2
Hash: 4189249ad9cfa35bb1f70ce398fce673
Requires: Rcpp, stringr

Package: random
Source: CRAN
Version: 0.2.5
Hash: 7937ecde8ffd0a5bddf97f8a980c849d
Requires: curl

Package: readr
Source: CRAN
Version: 0.2.2
Hash: dfd3ce43998f92ea7ec2d190d18da1bf
Requires: BH, Rcpp, curl

Package: readxl
Source: CRAN
Version: 0.1.1
Hash: 29d41207f0536a41545dfe6fad3f941c
Requires: Rcpp

Package: reshape2
Source: CRAN
Version: 1.4.1
Hash: 7fda249416b3945233749fccd87741e8
Requires: Rcpp, plyr, stringr

Package: rmarkdown
Source: CRAN
Version: 1.0
Hash: 7c60cd30594b34874a6a7e729f0a6fad
Requires: base64enc, caTools, evaluate, htmltools, jsonlite, knitr,
    yaml

Package: roxygen2
Source: CRAN
Version: 6.0.1
Hash: 7a75b821e00443c60a239fa4070b4117
Requires: R6, Rcpp, brew, commonmark, desc, digest, stringi, stringr,
    xml2

Package: rprojroot
Source: CRAN
Version: 1.2
Hash: fdcac51a7f47decd60556ceefc3c26b1
Requires: backports

Package: rstudioapi
Source: CRAN
Version: 0.6
Hash: fd256f8bfb9a64cc35f98b0decb1a79f

Package: scales
Source: CRAN
Version: 0.4.0
Hash: 4eb144c4a470f3f4a156e928347e9f7c
Requires: RColorBrewer, Rcpp, dichromat, labeling, munsell, plyr

Package: sqldf
Source: CRAN
Version: 0.4-10
Hash: 46cd78edf0fc3c746c7d26f44fcb4e50
Requires: DBI, RSQLite, chron, gsubfn, proto

Package: stringi
Source: CRAN
Version: 1.1.5
Hash: b6308e49357a0b475f433599e0d8b5eb

Package: stringr
Source: CRAN
Version: 1.2.0
Hash: 25a86d7f410513ebb7c0bc6a5e16bdc3
Requires: magrittr, stringi

Package: testthat
Source: CRAN
Version: 1.0.2
Hash: 88d5291104227f9dc2e7c7c1d0eb6c74
Requires: R6, crayon, digest, magrittr, praise

Package: tibble
Source: CRAN
Version: 1.2
Hash: 0ad215aed62ba7a18bc4c5b89835c934
Requires: Rcpp, assertthat, lazyeval

Package: tidyr
Source: CRAN
Version: 0.5.1
Hash: 836df5c5e4d164802734c1b92166eddd
Requires: Rcpp, dplyr, lazyeval, magrittr, stringi, tibble

Package: whisker
Source: CRAN
Version: 0.3-2
Hash: 803d662762e532705c2c066a82d066e7

Package: withr
Source: CRAN
Version: 1.0.2
Hash: 774eb7be9087cdc24b53b74e5359cfac

Package: xml2
Source: CRAN
Version: 1.1.1
Hash: 19ad10ef8e73cb435eb49f9d5d259980
Requires: BH, Rcpp

Package: yaml
Source: CRAN
Version: 2.1.14
Hash: c81230c3a7d9ba20607ad6b4331173d1
